
Microsoft Visual Studio Solution File, Format Version 12.00
# Visual Studio 2013
VisualStudioVersion = 12.0.21005.1
MinimumVisualStudioVersion = 10.0.40219.1
Project("{FAE04EC0-301F-11D3-BF4B-00C04F79EFBC}") = "ChenMai.Tests", "ChenMai.Tests\ChenMai.Tests.csproj", "{4C93449E-4322-45D6-BEBD-D9CFE9A694D6}"
EndProject
Project("{2150E333-8FDC-42A3-9474-1A3956D46DE8}") = "Frontend", "Frontend", "{38C4E8C4-47E1-4576-83AF-212778840BDD}"
EndProject
Project("{2150E333-8FDC-42A3-9474-1A3956D46DE8}") = "Tests", "Tests", "{9087440B-12AA-4CE2-ADD4-184100F943E2}"
EndProject
Project("{2150E333-8FDC-42A3-9474-1A3956D46DE8}") = "Backend", "Backend", "{6D39E62C-A563-485B-9C56-1B493429AE7F}"
EndProject
Project("{2150E333-8FDC-42A3-9474-1A3956D46DE8}") = "Common", "Common", "{2A63EAB6-5014-40E3-84E1-529230A5382C}"
EndProject
Project("{FAE04EC0-301F-11D3-BF4B-00C04F79EFBC}") = "ChenMai.Web", "ChenMai.Web\ChenMai.Web.csproj", "{9982604F-36EE-4817-9CCC-F112249A80C3}"
EndProject
Project("{FAE04EC0-301F-11D3-BF4B-00C04F79EFBC}") = "ChenMai.Models", "ChenMai.Models\ChenMai.Models.csproj", "{7C618679-6774-4061-A7EA-3B7D6327C4FF}"
EndProject
Project("{FAE04EC0-301F-11D3-BF4B-00C04F79EFBC}") = "ChenMai.BLL", "ChenMai.BLL\ChenMai.BLL.csproj", "{2AA06041-E8E5-4461-9895-91998F7620EB}"
EndProject
Project("{FAE04EC0-301F-11D3-BF4B-00C04F79EFBC}") = "ChenMai.DataAccess", "ChenMai.DataAccess\ChenMai.DataAccess.csproj", "{E8D3E183-A875-4120-B21F-D186601CDD4B}"
EndProject
Project("{FAE04EC0-301F-11D3-BF4B-00C04F79EFBC}") = "ChenMai.DAL.MySQL", "ChenMai.DAL.MySQL\ChenMai.DAL.MySQL.csproj", "{75AAA14A-174A-40A2-84EA-17E3E2BF9059}"
EndProject
Project("{FAE04EC0-301F-11D3-BF4B-00C04F79EFBC}") = "ChenMai.DAL.Oracle", "ChenMai.DAL.Oracle\ChenMai.DAL.Oracle.csproj", "{3E49350A-FB00-4D59-A1C0-9611ED764B37}"
EndProject
Project("{FAE04EC0-301F-11D3-BF4B-00C04F79EFBC}") = "ChenMai.DAL.SQLite", "ChenMai.DAL.SQLite\ChenMai.DAL.SQLite.csproj", "{C7EBEFE1-4C99-4F6D-9C35-7C3C5666B8AB}"
EndProject
Project("{FAE04EC0-301F-11D3-BF4B-00C04F79EFBC}") = "ChenMai.IDAL", "ChenMai.IDAL\ChenMai.IDAL.csproj", "{3BDB9D83-2E04-4D98-A54C-9ECEFC1BB1DF}"
EndProject
Global
	GlobalSection(SolutionConfigurationPlatforms) = preSolution
		Debug|Any CPU = Debug|Any CPU
		Release|Any CPU = Release|Any CPU
	EndGlobalSection
	GlobalSection(ProjectConfigurationPlatforms) = postSolution
		{4C93449E-4322-45D6-BEBD-D9CFE9A694D6}.Debug|Any CPU.ActiveCfg = Debug|Any CPU
		{4C93449E-4322-45D6-BEBD-D9CFE9A694D6}.Debug|Any CPU.Build.0 = Debug|Any CPU
		{4C93449E-4322-45D6-BEBD-D9CFE9A694D6}.Release|Any CPU.ActiveCfg = Release|Any CPU
		{4C93449E-4322-45D6-BEBD-D9CFE9A694D6}.Release|Any CPU.Build.0 = Release|Any CPU
		{9982604F-36EE-4817-9CCC-F112249A80C3}.Debug|Any CPU.ActiveCfg = Debug|Any CPU
		{9982604F-36EE-4817-9CCC-F112249A80C3}.Debug|Any CPU.Build.0 = Debug|Any CPU
		{9982604F-36EE-4817-9CCC-F112249A80C3}.Release|Any CPU.ActiveCfg = Release|Any CPU
		{9982604F-36EE-4817-9CCC-F112249A80C3}.Release|Any CPU.Build.0 = Release|Any CPU
		{7C618679-6774-4061-A7EA-3B7D6327C4FF}.Debug|Any CPU.ActiveCfg = Debug|Any CPU
		{7C618679-6774-4061-A7EA-3B7D6327C4FF}.Debug|Any CPU.Build.0 = Debug|Any CPU
		{7C618679-6774-4061-A7EA-3B7D6327C4FF}.Release|Any CPU.ActiveCfg = Release|Any CPU
		{7C618679-6774-4061-A7EA-3B7D6327C4FF}.Release|Any CPU.Build.0 = Release|Any CPU
		{2AA06041-E8E5-4461-9895-91998F7620EB}.Debug|Any CPU.ActiveCfg = Debug|Any CPU
		{2AA06041-E8E5-4461-9895-91998F7620EB}.Debug|Any CPU.Build.0 = Debug|Any CPU
		{2AA06041-E8E5-4461-9895-91998F7620EB}.Release|Any CPU.ActiveCfg = Release|Any CPU
		{2AA06041-E8E5-4461-9895-91998F7620EB}.Release|Any CPU.Build.0 = Release|Any CPU
		{E8D3E183-A875-4120-B21F-D186601CDD4B}.Debug|Any CPU.ActiveCfg = Debug|Any CPU
		{E8D3E183-A875-4120-B21F-D186601CDD4B}.Debug|Any CPU.Build.0 = Debug|Any CPU
		{E8D3E183-A875-4120-B21F-D186601CDD4B}.Release|Any CPU.ActiveCfg = Release|Any CPU
		{E8D3E183-A875-4120-B21F-D186601CDD4B}.Release|Any CPU.Build.0 = Release|Any CPU
		{75AAA14A-174A-40A2-84EA-17E3E2BF9059}.Debug|Any CPU.ActiveCfg = Debug|Any CPU
		{75AAA14A-174A-40A2-84EA-17E3E2BF9059}.Debug|Any CPU.Build.0 = Debug|Any CPU
		{75AAA14A-174A-40A2-84EA-17E3E2BF9059}.Release|Any CPU.ActiveCfg = Release|Any CPU
		{75AAA14A-174A-40A2-84EA-17E3E2BF9059}.Release|Any CPU.Build.0 = Release|Any CPU
		{3E49350A-FB00-4D59-A1C0-9611ED764B37}.Debug|Any CPU.ActiveCfg = Debug|Any CPU
		{3E49350A-FB00-4D59-A1C0-9611ED764B37}.Debug|Any CPU.Build.0 = Debug|Any CPU
		{3E49350A-FB00-4D59-A1C0-9611ED764B37}.Release|Any CPU.ActiveCfg = Release|Any CPU
		{3E49350A-FB00-4D59-A1C0-9611ED764B37}.Release|Any CPU.Build.0 = Release|Any CPU
		{C7EBEFE1-4C99-4F6D-9C35-7C3C5666B8AB}.Debug|Any CPU.ActiveCfg = Debug|Any CPU
		{C7EBEFE1-4C99-4F6D-9C35-7C3C5666B8AB}.Debug|Any CPU.Build.0 = Debug|Any CPU
		{C7EBEFE1-4C99-4F6D-9C35-7C3C5666B8AB}.Release|Any CPU.ActiveCfg = Release|Any CPU
		{C7EBEFE1-4C99-4F6D-9C35-7C3C5666B8AB}.Release|Any CPU.Build.0 = Release|Any CPU
		{3BDB9D83-2E04-4D98-A54C-9ECEFC1BB1DF}.Debug|Any CPU.ActiveCfg = Debug|Any CPU
		{3BDB9D83-2E04-4D98-A54C-9ECEFC1BB1DF}.Debug|Any CPU.Build.0 = Debug|Any CPU
		{3BDB9D83-2E04-4D98-A54C-9ECEFC1BB1DF}.Release|Any CPU.ActiveCfg = Release|Any CPU
		{3BDB9D83-2E04-4D98-A54C-9ECEFC1BB1DF}.Release|Any CPU.Build.0 = Release|Any CPU
	EndGlobalSection
	GlobalSection(SolutionProperties) = preSolution
		HideSolutionNode = FALSE
	EndGlobalSection
	GlobalSection(NestedProjects) = preSolution
		{4C93449E-4322-45D6-BEBD-D9CFE9A694D6} = {9087440B-12AA-4CE2-ADD4-184100F943E2}
		{9982604F-36EE-4817-9CCC-F112249A80C3} = {38C4E8C4-47E1-4576-83AF-212778840BDD}
		{2AA06041-E8E5-4461-9895-91998F7620EB} = {6D39E62C-A563-485B-9C56-1B493429AE7F}
		{E8D3E183-A875-4120-B21F-D186601CDD4B} = {6D39E62C-A563-485B-9C56-1B493429AE7F}
		{75AAA14A-174A-40A2-84EA-17E3E2BF9059} = {6D39E62C-A563-485B-9C56-1B493429AE7F}
		{3E49350A-FB00-4D59-A1C0-9611ED764B37} = {6D39E62C-A563-485B-9C56-1B493429AE7F}
		{C7EBEFE1-4C99-4F6D-9C35-7C3C5666B8AB} = {6D39E62C-A563-485B-9C56-1B493429AE7F}
		{3BDB9D83-2E04-4D98-A54C-9ECEFC1BB1DF} = {6D39E62C-A563-485B-9C56-1B493429AE7F}
		{7C618679-6774-4061-A7EA-3B7D6327C4FF} = {2A63EAB6-5014-40E3-84E1-529230A5382C}
	EndGlobalSection
EndGlobal
